
Microsoft Visual Studio Solution File, Format Version 12.00
# Visual Studio 15
VisualStudioVersion = 15.0.27703.2042
MinimumVisualStudioVersion = 10.0.40219.1
Project("{FAE04EC0-301F-11D3-BF4B-00C04F79EFBC}") = "ArrayLoop", "ArrayLoop\ArrayLoop.csproj", "{ADDB96E2-7AA2-416B-A2F8-45B7A2B7CF33}"
EndProject
Global
	GlobalSection(SolutionConfigurationPlatforms) = preSolution
		Debug|Any CPU = Debug|Any CPU
		Release|Any CPU = Release|Any CPU
	EndGlobalSection
	GlobalSection(ProjectConfigurationPlatforms) = postSolution
		{ADDB96E2-7AA2-416B-A2F8-45B7A2B7CF33}.Debug|Any CPU.ActiveCfg = Debug|Any CPU
		{ADDB96E2-7AA2-416B-A2F8-45B7A2B7CF33}.Debug|Any CPU.Build.0 = Debug|Any CPU
		{ADDB96E2-7AA2-416B-A2F8-45B7A2B7CF33}.Release|Any CPU.ActiveCfg = Release|Any CPU
		{ADDB96E2-7AA2-416B-A2F8-45B7A2B7CF33}.Release|Any CPU.Build.0 = Release|Any CPU
	EndGlobalSection
	GlobalSection(SolutionProperties) = preSolution
		HideSolutionNode = FALSE
	EndGlobalSection
	GlobalSection(ExtensibilityGlobals) = postSolution
		SolutionGuid = {DA4FA248-5E39-409D-9942-A157071E8703}
	EndGlobalSection
EndGlobal
